// !$*UTF8*$!
{
	archiveVersion = 1;
	classes = {
	};
	objectVersion = 50;
	objects = {

/* Begin PBXBuildFile section */
		CD62DB5B254C2BC80075B647 /* AppDelegate.swift in Sources */ = {isa = PBXBuildFile; fileRef = CD62DB5A254C2BC80075B647 /* AppDelegate.swift */; };
		CD62DB5D254C2BC80075B647 /* SceneDelegate.swift in Sources */ = {isa = PBXBuildFile; fileRef = CD62DB5C254C2BC80075B647 /* SceneDelegate.swift */; };
		CD62DB5F254C2BC80075B647 /* QuestionViewController.swift in Sources */ = {isa = PBXBuildFile; fileRef = CD62DB5E254C2BC80075B647 /* QuestionViewController.swift */; };
		CD62DB61254C2BCB0075B647 /* Assets.xcassets in Resources */ = {isa = PBXBuildFile; fileRef = CD62DB60254C2BCB0075B647 /* Assets.xcassets */; };
		CD62DB64254C2BCB0075B647 /* LaunchScreen.storyboard in Resources */ = {isa = PBXBuildFile; fileRef = CD62DB62254C2BCB0075B647 /* LaunchScreen.storyboard */; };
		CD62DB7A254C2BCB0075B647 /* QuizAppUITests.swift in Sources */ = {isa = PBXBuildFile; fileRef = CD62DB79254C2BCB0075B647 /* QuizAppUITests.swift */; };
		CD62DB9E254C2C310075B647 /* QuestionViewControllerTest.swift in Sources */ = {isa = PBXBuildFile; fileRef = CD62DB9D254C2C310075B647 /* QuestionViewControllerTest.swift */; };
		CD62DBAC254C2DAF0075B647 /* QuestionViewController.xib in Resources */ = {isa = PBXBuildFile; fileRef = CD62DBAB254C2DAF0075B647 /* QuestionViewController.xib */; };
/* End PBXBuildFile section */

/* Begin PBXContainerItemProxy section */
		CD62DB6B254C2BCB0075B647 /* PBXContainerItemProxy */ = {
			isa = PBXContainerItemProxy;
			containerPortal = CD62DB4F254C2BC80075B647 /* Project object */;
			proxyType = 1;
			remoteGlobalIDString = CD62DB56254C2BC80075B647;
			remoteInfo = QuizApp;
		};
		CD62DB76254C2BCB0075B647 /* PBXContainerItemProxy */ = {
			isa = PBXContainerItemProxy;
			containerPortal = CD62DB4F254C2BC80075B647 /* Project object */;
			proxyType = 1;
			remoteGlobalIDString = CD62DB56254C2BC80075B647;
			remoteInfo = QuizApp;
		};
/* End PBXContainerItemProxy section */

/* Begin PBXFileReference section */
		CD62DB57254C2BC80075B647 /* QuizApp.app */ = {isa = PBXFileReference; explicitFileType = wrapper.application; includeInIndex = 0; path = QuizApp.app; sourceTree = BUILT_PRODUCTS_DIR; };
		CD62DB5A254C2BC80075B647 /* AppDelegate.swift */ = {isa = PBXFileReference; lastKnownFileType = sourcecode.swift; path = AppDelegate.swift; sourceTree = "<group>"; };
		CD62DB5C254C2BC80075B647 /* SceneDelegate.swift */ = {isa = PBXFileReference; lastKnownFileType = sourcecode.swift; path = SceneDelegate.swift; sourceTree = "<group>"; };
		CD62DB5E254C2BC80075B647 /* QuestionViewController.swift */ = {isa = PBXFileReference; lastKnownFileType = sourcecode.swift; path = QuestionViewController.swift; sourceTree = "<group>"; };
		CD62DB60254C2BCB0075B647 /* Assets.xcassets */ = {isa = PBXFileReference; lastKnownFileType = folder.assetcatalog; path = Assets.xcassets; sourceTree = "<group>"; };
		CD62DB63254C2BCB0075B647 /* Base */ = {isa = PBXFileReference; lastKnownFileType = file.storyboard; name = Base; path = Base.lproj/LaunchScreen.storyboard; sourceTree = "<group>"; };
		CD62DB65254C2BCB0075B647 /* Info.plist */ = {isa = PBXFileReference; lastKnownFileType = text.plist.xml; path = Info.plist; sourceTree = "<group>"; };
		CD62DB6A254C2BCB0075B647 /* QuizAppTests.xctest */ = {isa = PBXFileReference; explicitFileType = wrapper.cfbundle; includeInIndex = 0; path = QuizAppTests.xctest; sourceTree = BUILT_PRODUCTS_DIR; };
		CD62DB70254C2BCB0075B647 /* Info.plist */ = {isa = PBXFileReference; lastKnownFileType = text.plist.xml; path = Info.plist; sourceTree = "<group>"; };
		CD62DB75254C2BCB0075B647 /* QuizAppUITests.xctest */ = {isa = PBXFileReference; explicitFileType = wrapper.cfbundle; includeInIndex = 0; path = QuizAppUITests.xctest; sourceTree = BUILT_PRODUCTS_DIR; };
		CD62DB79254C2BCB0075B647 /* QuizAppUITests.swift */ = {isa = PBXFileReference; lastKnownFileType = sourcecode.swift; path = QuizAppUITests.swift; sourceTree = "<group>"; };
		CD62DB7B254C2BCB0075B647 /* Info.plist */ = {isa = PBXFileReference; lastKnownFileType = text.plist.xml; path = Info.plist; sourceTree = "<group>"; };
		CD62DB9D254C2C310075B647 /* QuestionViewControllerTest.swift */ = {isa = PBXFileReference; lastKnownFileType = sourcecode.swift; path = QuestionViewControllerTest.swift; sourceTree = "<group>"; };
		CD62DBAB254C2DAF0075B647 /* QuestionViewController.xib */ = {isa = PBXFileReference; lastKnownFileType = file.xib; path = QuestionViewController.xib; sourceTree = "<group>"; };
/* End PBXFileReference section */

/* Begin PBXFrameworksBuildPhase section */
		CD62DB54254C2BC80075B647 /* Frameworks */ = {
			isa = PBXFrameworksBuildPhase;
			buildActionMask = 2147483647;
			files = (
			);
			runOnlyForDeploymentPostprocessing = 0;
		};
		CD62DB67254C2BCB0075B647 /* Frameworks */ = {
			isa = PBXFrameworksBuildPhase;
			buildActionMask = 2147483647;
			files = (
			);
			runOnlyForDeploymentPostprocessing = 0;
		};
		CD62DB72254C2BCB0075B647 /* Frameworks */ = {
			isa = PBXFrameworksBuildPhase;
			buildActionMask = 2147483647;
			files = (
			);
			runOnlyForDeploymentPostprocessing = 0;
		};
/* End PBXFrameworksBuildPhase section */

/* Begin PBXGroup section */
		CD62DB4E254C2BC80075B647 = {
			isa = PBXGroup;
			children = (
				CD62DB59254C2BC80075B647 /* QuizApp */,
				CD62DB6D254C2BCB0075B647 /* QuizAppTests */,
				CD62DB78254C2BCB0075B647 /* QuizAppUITests */,
				CD62DB58254C2BC80075B647 /* Products */,
			);
			sourceTree = "<group>";
		};
		CD62DB58254C2BC80075B647 /* Products */ = {
			isa = PBXGroup;
			children = (
				CD62DB57254C2BC80075B647 /* QuizApp.app */,
				CD62DB6A254C2BCB0075B647 /* QuizAppTests.xctest */,
				CD62DB75254C2BCB0075B647 /* QuizAppUITests.xctest */,
			);
			name = Products;
			sourceTree = "<group>";
		};
		CD62DB59254C2BC80075B647 /* QuizApp */ = {
			isa = PBXGroup;
			children = (
				CD62DB5A254C2BC80075B647 /* AppDelegate.swift */,
				CD62DB5C254C2BC80075B647 /* SceneDelegate.swift */,
				CD62DB5E254C2BC80075B647 /* QuestionViewController.swift */,
				CD62DBAB254C2DAF0075B647 /* QuestionViewController.xib */,
				CD62DB60254C2BCB0075B647 /* Assets.xcassets */,
				CD62DB62254C2BCB0075B647 /* LaunchScreen.storyboard */,
				CD62DB65254C2BCB0075B647 /* Info.plist */,
			);
			path = QuizApp;
			sourceTree = "<group>";
		};
		CD62DB6D254C2BCB0075B647 /* QuizAppTests */ = {
			isa = PBXGroup;
			children = (
				CD62DB70254C2BCB0075B647 /* Info.plist */,
				CD62DB9D254C2C310075B647 /* QuestionViewControllerTest.swift */,
			);
			path = QuizAppTests;
			sourceTree = "<group>";
		};
		CD62DB78254C2BCB0075B647 /* QuizAppUITests */ = {
			isa = PBXGroup;
			children = (
				CD62DB79254C2BCB0075B647 /* QuizAppUITests.swift */,
				CD62DB7B254C2BCB0075B647 /* Info.plist */,
			);
			path = QuizAppUITests;
			sourceTree = "<group>";
		};
/* End PBXGroup section */

/* Begin PBXNativeTarget section */
		CD62DB56254C2BC80075B647 /* QuizApp */ = {
			isa = PBXNativeTarget;
			buildConfigurationList = CD62DB89254C2BCB0075B647 /* Build configuration list for PBXNativeTarget "QuizApp" */;
			buildPhases = (
				CD62DB53254C2BC80075B647 /* Sources */,
				CD62DB54254C2BC80075B647 /* Frameworks */,
				CD62DB55254C2BC80075B647 /* Resources */,
			);
			buildRules = (
			);
			dependencies = (
			);
			name = QuizApp;
			productName = QuizApp;
			productReference = CD62DB57254C2BC80075B647 /* QuizApp.app */;
			productType = "com.apple.product-type.application";
		};
		CD62DB69254C2BCB0075B647 /* QuizAppTests */ = {
			isa = PBXNativeTarget;
			buildConfigurationList = CD62DB8C254C2BCB0075B647 /* Build configuration list for PBXNativeTarget "QuizAppTests" */;
			buildPhases = (
				CD62DB66254C2BCB0075B647 /* Sources */,
				CD62DB67254C2BCB0075B647 /* Frameworks */,
				CD62DB68254C2BCB0075B647 /* Resources */,
			);
			buildRules = (
			);
			dependencies = (
				CD62DB6C254C2BCB0075B647 /* PBXTargetDependency */,
			);
			name = QuizAppTests;
			productName = QuizAppTests;
			productReference = CD62DB6A254C2BCB0075B647 /* QuizAppTests.xctest */;
			productType = "com.apple.product-type.bundle.unit-test";
		};
		CD62DB74254C2BCB0075B647 /* QuizAppUITests */ = {
			isa = PBXNativeTarget;
			buildConfigurationList = CD62DB8F254C2BCB0075B647 /* Build configuration list for PBXNativeTarget "QuizAppUITests" */;
			buildPhases = (
				CD62DB71254C2BCB0075B647 /* Sources */,
				CD62DB72254C2BCB0075B647 /* Frameworks */,
				CD62DB73254C2BCB0075B647 /* Resources */,
			);
			buildRules = (
			);
			dependencies = (
				CD62DB77254C2BCB0075B647 /* PBXTargetDependency */,
			);
			name = QuizAppUITests;
			productName = QuizAppUITests;
			productReference = CD62DB75254C2BCB0075B647 /* QuizAppUITests.xctest */;
			productType = "com.apple.product-type.bundle.ui-testing";
		};
/* End PBXNativeTarget section */

/* Begin PBXProject section */
		CD62DB4F254C2BC80075B647 /* Project object */ = {
			isa = PBXProject;
			attributes = {
				LastSwiftUpdateCheck = 1210;
				LastUpgradeCheck = 1210;
				TargetAttributes = {
					CD62DB56254C2BC80075B647 = {
						CreatedOnToolsVersion = 12.1;
					};
					CD62DB69254C2BCB0075B647 = {
						CreatedOnToolsVersion = 12.1;
						TestTargetID = CD62DB56254C2BC80075B647;
					};
					CD62DB74254C2BCB0075B647 = {
						CreatedOnToolsVersion = 12.1;
						TestTargetID = CD62DB56254C2BC80075B647;
					};
				};
			};
			buildConfigurationList = CD62DB52254C2BC80075B647 /* Build configuration list for PBXProject "QuizApp" */;
			compatibilityVersion = "Xcode 9.3";
			developmentRegion = en;
			hasScannedForEncodings = 0;
			knownRegions = (
				en,
				Base,
			);
			mainGroup = CD62DB4E254C2BC80075B647;
			productRefGroup = CD62DB58254C2BC80075B647 /* Products */;
			projectDirPath = "";
			projectRoot = "";
			targets = (
				CD62DB56254C2BC80075B647 /* QuizApp */,
				CD62DB69254C2BCB0075B647 /* QuizAppTests */,
				CD62DB74254C2BCB0075B647 /* QuizAppUITests */,
			);
		};
/* End PBXProject section */

/* Begin PBXResourcesBuildPhase section */
		CD62DB55254C2BC80075B647 /* Resources */ = {
			isa = PBXResourcesBuildPhase;
			buildActionMask = 2147483647;
			files = (
				CD62DB61254C2BCB0075B647 /* Assets.xcassets in Resources */,
				CD62DB64254C2BCB0075B647 /* LaunchScreen.storyboard in Resources */,
				CD62DBAC254C2DAF0075B647 /* QuestionViewController.xib in Resources */,
			);
			runOnlyForDeploymentPostprocessing = 0;
		};
		CD62DB68254C2BCB0075B647 /* Resources */ = {
			isa = PBXResourcesBuildPhase;
			buildActionMask = 2147483647;
			files = (
			);
			runOnlyForDeploymentPostprocessing = 0;
		};
		CD62DB73254C2BCB0075B647 /* Resources */ = {
			isa = PBXResourcesBuildPhase;
			buildActionMask = 2147483647;
			files = (
			);
			runOnlyForDeploymentPostprocessing = 0;
		};
/* End PBXResourcesBuildPhase section */

/* Begin PBXSourcesBuildPhase section */
		CD62DB53254C2BC80075B647 /* Sources */ = {
			isa = PBXSourcesBuildPhase;
			buildActionMask = 2147483647;
			files = (
				CD62DB5F254C2BC80075B647 /* QuestionViewController.swift in Sources */,
				CD62DB5B254C2BC80075B647 /* AppDelegate.swift in Sources */,
				CD62DB5D254C2BC80075B647 /* SceneDelegate.swift in Sources */,
			);
			runOnlyForDeploymentPostprocessing = 0;
		};
		CD62DB66254C2BCB0075B647 /* Sources */ = {
			isa = PBXSourcesBuildPhase;
			buildActionMask = 2147483647;
			files = (
				CD62DB9E254C2C310075B647 /* QuestionViewControllerTest.swift in Sources */,
			);
			runOnlyForDeploymentPostprocessing = 0;
		};
		CD62DB71254C2BCB0075B647 /* Sources */ = {
			isa = PBXSourcesBuildPhase;
			buildActionMask = 2147483647;
			files = (
				CD62DB7A254C2BCB0075B647 /* QuizAppUITests.swift in Sources */,
			);
			runOnlyForDeploymentPostprocessing = 0;
		};
/* End PBXSourcesBuildPhase section */

/* Begin PBXTargetDependency section */
		CD62DB6C254C2BCB0075B647 /* PBXTargetDependency */ = {
			isa = PBXTargetDependency;
			target = CD62DB56254C2BC80075B647 /* QuizApp */;
			targetProxy = CD62DB6B254C2BCB0075B647 /* PBXContainerItemProxy */;
		};
		CD62DB77254C2BCB0075B647 /* PBXTargetDependency */ = {
			isa = PBXTargetDependency;
			target = CD62DB56254C2BC80075B647 /* QuizApp */;
			targetProxy = CD62DB76254C2BCB0075B647 /* PBXContainerItemProxy */;
		};
/* End PBXTargetDependency section */

/* Begin PBXVariantGroup section */
		CD62DB62254C2BCB0075B647 /* LaunchScreen.storyboard */ = {
			isa = PBXVariantGroup;
			children = (
				CD62DB63254C2BCB0075B647 /* Base */,
			);
			name = LaunchScreen.storyboard;
			sourceTree = "<group>";
		};
/* End PBXVariantGroup section */

/* Begin XCBuildConfiguration section */
		CD62DB87254C2BCB0075B647 /* Debug */ = {
			isa = XCBuildConfiguration;
			buildSettings = {
				ALWAYS_SEARCH_USER_PATHS = NO;
				CLANG_ANALYZER_NONNULL = YES;
				CLANG_ANALYZER_NUMBER_OBJECT_CONVERSION = YES_AGGRESSIVE;
				CLANG_CXX_LANGUAGE_STANDARD = "gnu++14";
				CLANG_CXX_LIBRARY = "libc++";
				CLANG_ENABLE_MODULES = YES;
				CLANG_ENABLE_OBJC_ARC = YES;
				CLANG_ENABLE_OBJC_WEAK = YES;
				CLANG_WARN_BLOCK_CAPTURE_AUTORELEASING = YES;
				CLANG_WARN_BOOL_CONVERSION = YES;
				CLANG_WARN_COMMA = YES;
				CLANG_WARN_CONSTANT_CONVERSION = YES;
				CLANG_WARN_DEPRECATED_OBJC_IMPLEMENTATIONS = YES;
				CLANG_WARN_DIRECT_OBJC_ISA_USAGE = YES_ERROR;
				CLANG_WARN_DOCUMENTATION_COMMENTS = YES;
				CLANG_WARN_EMPTY_BODY = YES;
				CLANG_WARN_ENUM_CONVERSION = YES;
				CLANG_WARN_INFINITE_RECURSION = YES;
				CLANG_WARN_INT_CONVERSION = YES;
				CLANG_WARN_NON_LITERAL_NULL_CONVERSION = YES;
				CLANG_WARN_OBJC_IMPLICIT_RETAIN_SELF = YES;
				CLANG_WARN_OBJC_LITERAL_CONVERSION = YES;
				CLANG_WARN_OBJC_ROOT_CLASS = YES_ERROR;
				CLANG_WARN_QUOTED_INCLUDE_IN_FRAMEWORK_HEADER = YES;
				CLANG_WARN_RANGE_LOOP_ANALYSIS = YES;
				CLANG_WARN_STRICT_PROTOTYPES = YES;
				CLANG_WARN_SUSPICIOUS_MOVE = YES;
				CLANG_WARN_UNGUARDED_AVAILABILITY = YES_AGGRESSIVE;
				CLANG_WARN_UNREACHABLE_CODE = YES;
				CLANG_WARN__DUPLICATE_METHOD_MATCH = YES;
				COPY_PHASE_STRIP = NO;
				DEBUG_INFORMATION_FORMAT = dwarf;
				ENABLE_STRICT_OBJC_MSGSEND = YES;
				ENABLE_TESTABILITY = YES;
				GCC_C_LANGUAGE_STANDARD = gnu11;
				GCC_DYNAMIC_NO_PIC = NO;
				GCC_NO_COMMON_BLOCKS = YES;
				GCC_OPTIMIZATION_LEVEL = 0;
				GCC_PREPROCESSOR_DEFINITIONS = (
					"DEBUG=1",
					"$(inherited)",
				);
				GCC_WARN_64_TO_32_BIT_CONVERSION = YES;
				GCC_WARN_ABOUT_RETURN_TYPE = YES_ERROR;
				GCC_WARN_UNDECLARED_SELECTOR = YES;
				GCC_WARN_UNINITIALIZED_AUTOS = YES_AGGRESSIVE;
				GCC_WARN_UNUSED_FUNCTION = YES;
				GCC_WARN_UNUSED_VARIABLE = YES;
				IPHONEOS_DEPLOYMENT_TARGET = 12.0;
				MTL_ENABLE_DEBUG_INFO = INCLUDE_SOURCE;
				MTL_FAST_MATH = YES;
				ONLY_ACTIVE_ARCH = YES;
				SDKROOT = iphoneos;
				SWIFT_ACTIVE_COMPILATION_CONDITIONS = DEBUG;
				SWIFT_OPTIMIZATION_LEVEL = "-Onone";
			};
			name = Debug;
		};
		CD62DB88254C2BCB0075B647 /* Release */ = {
			isa = XCBuildConfiguration;
			buildSettings = {
				ALWAYS_SEARCH_USER_PATHS = NO;
				CLANG_ANALYZER_NONNULL = YES;
				CLANG_ANALYZER_NUMBER_OBJECT_CONVERSION = YES_AGGRESSIVE;
				CLANG_CXX_LANGUAGE_STANDARD = "gnu++14";
				CLANG_CXX_LIBRARY = "libc++";
				CLANG_ENABLE_MODULES = YES;
				CLANG_ENABLE_OBJC_ARC = YES;
				CLANG_ENABLE_OBJC_WEAK = YES;
				CLANG_WARN_BLOCK_CAPTURE_AUTORELEASING = YES;
				CLANG_WARN_BOOL_CONVERSION = YES;
				CLANG_WARN_COMMA = YES;
				CLANG_WARN_CONSTANT_CONVERSION = YES;
				CLANG_WARN_DEPRECATED_OBJC_IMPLEMENTATIONS = YES;
				CLANG_WARN_DIRECT_OBJC_ISA_USAGE = YES_ERROR;
				CLANG_WARN_DOCUMENTATION_COMMENTS = YES;
				CLANG_WARN_EMPTY_BODY = YES;
				CLANG_WARN_ENUM_CONVERSION = YES;
				CLANG_WARN_INFINITE_RECURSION = YES;
				CLANG_WARN_INT_CONVERSION = YES;
				CLANG_WARN_NON_LITERAL_NULL_CONVERSION = YES;
				CLANG_WARN_OBJC_IMPLICIT_RETAIN_SELF = YES;
				CLANG_WARN_OBJC_LITERAL_CONVERSION = YES;
				CLANG_WARN_OBJC_ROOT_CLASS = YES_ERROR;
				CLANG_WARN_QUOTED_INCLUDE_IN_FRAMEWORK_HEADER = YES;
				CLANG_WARN_RANGE_LOOP_ANALYSIS = YES;
				CLANG_WARN_STRICT_PROTOTYPES = YES;
				CLANG_WARN_SUSPICIOUS_MOVE = YES;
				CLANG_WARN_UNGUARDED_AVAILABILITY = YES_AGGRESSIVE;
				CLANG_WARN_UNREACHABLE_CODE = YES;
				CLANG_WARN__DUPLICATE_METHOD_MATCH = YES;
				COPY_PHASE_STRIP = NO;
				DEBUG_INFORMATION_FORMAT = "dwarf-with-dsym";
				ENABLE_NS_ASSERTIONS = NO;
				ENABLE_STRICT_OBJC_MSGSEND = YES;
				GCC_C_LANGUAGE_STANDARD = gnu11;
				GCC_NO_COMMON_BLOCKS = YES;
				GCC_WARN_64_TO_32_BIT_CONVERSION = YES;
				GCC_WARN_ABOUT_RETURN_TYPE = YES_ERROR;
				GCC_WARN_UNDECLARED_SELECTOR = YES;
				GCC_WARN_UNINITIALIZED_AUTOS = YES_AGGRESSIVE;
				GCC_WARN_UNUSED_FUNCTION = YES;
				GCC_WARN_UNUSED_VARIABLE = YES;
				IPHONEOS_DEPLOYMENT_TARGET = 12.0;
				MTL_ENABLE_DEBUG_INFO = NO;
				MTL_FAST_MATH = YES;
				SDKROOT = iphoneos;
				SWIFT_COMPILATION_MODE = wholemodule;
				SWIFT_OPTIMIZATION_LEVEL = "-O";
				VALIDATE_PRODUCT = YES;
			};
			name = Release;
		};
		CD62DB8A254C2BCB0075B647 /* Debug */ = {
			isa = XCBuildConfiguration;
			buildSettings = {
				ASSETCATALOG_COMPILER_APPICON_NAME = AppIcon;
				ASSETCATALOG_COMPILER_GLOBAL_ACCENT_COLOR_NAME = AccentColor;
				CODE_SIGN_STYLE = Automatic;
				INFOPLIST_FILE = QuizApp/Info.plist;
				LD_RUNPATH_SEARCH_PATHS = (
					"$(inherited)",
					"@executable_path/Frameworks",
				);
				PRODUCT_BUNDLE_IDENTIFIER = com.thegeekprojekt.QuizApp;
				PRODUCT_NAME = "$(TARGET_NAME)";
				SWIFT_VERSION = 5.0;
				TARGETED_DEVICE_FAMILY = "1,2";
			};
			name = Debug;
		};
		CD62DB8B254C2BCB0075B647 /* Release */ = {
			isa = XCBuildConfiguration;
			buildSettings = {
				ASSETCATALOG_COMPILER_APPICON_NAME = AppIcon;
				ASSETCATALOG_COMPILER_GLOBAL_ACCENT_COLOR_NAME = AccentColor;
				CODE_SIGN_STYLE = Automatic;
				INFOPLIST_FILE = QuizApp/Info.plist;
				LD_RUNPATH_SEARCH_PATHS = (
					"$(inherited)",
					"@executable_path/Frameworks",
				);
				PRODUCT_BUNDLE_IDENTIFIER = com.thegeekprojekt.QuizApp;
				PRODUCT_NAME = "$(TARGET_NAME)";
				SWIFT_VERSION = 5.0;
				TARGETED_DEVICE_FAMILY = "1,2";
			};
			name = Release;
		};
		CD62DB8D254C2BCB0075B647 /* Debug */ = {
			isa = XCBuildConfiguration;
			buildSettings = {
				ALWAYS_EMBED_SWIFT_STANDARD_LIBRARIES = YES;
				BUNDLE_LOADER = "$(TEST_HOST)";
				CODE_SIGN_STYLE = Automatic;
				INFOPLIST_FILE = QuizAppTests/Info.plist;
				IPHONEOS_DEPLOYMENT_TARGET = 12.0;
				LD_RUNPATH_SEARCH_PATHS = (
					"$(inherited)",
					"@executable_path/Frameworks",
					"@loader_path/Frameworks",
				);
				PRODUCT_BUNDLE_IDENTIFIER = com.thegeekprojekt.QuizAppTests;
				PRODUCT_NAME = "$(TARGET_NAME)";
				SWIFT_VERSION = 5.0;
				TARGETED_DEVICE_FAMILY = "1,2";
				TEST_HOST = "$(BUILT_PRODUCTS_DIR)/QuizApp.app/QuizApp";
			};
			name = Debug;
		};
		CD62DB8E254C2BCB0075B647 /* Release */ = {
			isa = XCBuildConfiguration;
			buildSettings = {
				ALWAYS_EMBED_SWIFT_STANDARD_LIBRARIES = YES;
				BUNDLE_LOADER = "$(TEST_HOST)";
				CODE_SIGN_STYLE = Automatic;
				INFOPLIST_FILE = QuizAppTests/Info.plist;
				IPHONEOS_DEPLOYMENT_TARGET = 12.0;
				LD_RUNPATH_SEARCH_PATHS = (
					"$(inherited)",
					"@executable_path/Frameworks",
					"@loader_path/Frameworks",
				);
				PRODUCT_BUNDLE_IDENTIFIER = com.thegeekprojekt.QuizAppTests;
				PRODUCT_NAME = "$(TARGET_NAME)";
				SWIFT_VERSION = 5.0;
				TARGETED_DEVICE_FAMILY = "1,2";
				TEST_HOST = "$(BUILT_PRODUCTS_DIR)/QuizApp.app/QuizApp";
			};
			name = Release;
		};
		CD62DB90254C2BCB0075B647 /* Debug */ = {
			isa = XCBuildConfiguration;
			buildSettings = {
				ALWAYS_EMBED_SWIFT_STANDARD_LIBRARIES = YES;
				CODE_SIGN_STYLE = Automatic;
				INFOPLIST_FILE = QuizAppUITests/Info.plist;
				IPHONEOS_DEPLOYMENT_TARGET = 14.1;
				LD_RUNPATH_SEARCH_PATHS = (
					"$(inherited)",
					"@executable_path/Frameworks",
					"@loader_path/Frameworks",
				);
				PRODUCT_BUNDLE_IDENTIFIER = com.thegeekprojekt.QuizAppUITests;
				PRODUCT_NAME = "$(TARGET_NAME)";
				SWIFT_VERSION = 5.0;
				TARGETED_DEVICE_FAMILY = "1,2";
				TEST_TARGET_NAME = QuizApp;
			};
			name = Debug;
		};
		CD62DB91254C2BCB0075B647 /* Release */ = {
			isa = XCBuildConfiguration;
			buildSettings = {
				ALWAYS_EMBED_SWIFT_STANDARD_LIBRARIES = YES;
				CODE_SIGN_STYLE = Automatic;
				INFOPLIST_FILE = QuizAppUITests/Info.plist;
				IPHONEOS_DEPLOYMENT_TARGET = 14.1;
				LD_RUNPATH_SEARCH_PATHS = (
					"$(inherited)",
					"@executable_path/Frameworks",
					"@loader_path/Frameworks",
				);
				PRODUCT_BUNDLE_IDENTIFIER = com.thegeekprojekt.QuizAppUITests;
				PRODUCT_NAME = "$(TARGET_NAME)";
				SWIFT_VERSION = 5.0;
				TARGETED_DEVICE_FAMILY = "1,2";
				TEST_TARGET_NAME = QuizApp;
			};
			name = Release;
		};
/* End XCBuildConfiguration section */

/* Begin XCConfigurationList section */
		CD62DB52254C2BC80075B647 /* Build configuration list for PBXProject "QuizApp" */ = {
			isa = XCConfigurationList;
			buildConfigurations = (
				CD62DB87254C2BCB0075B647 /* Debug */,
				CD62DB88254C2BCB0075B647 /* Release */,
			);
			defaultConfigurationIsVisible = 0;
			defaultConfigurationName = Release;
		};
		CD62DB89254C2BCB0075B647 /* Build configuration list for PBXNativeTarget "QuizApp" */ = {
			isa = XCConfigurationList;
			buildConfigurations = (
				CD62DB8A254C2BCB0075B647 /* Debug */,
				CD62DB8B254C2BCB0075B647 /* Release */,
			);
			defaultConfigurationIsVisible = 0;
			defaultConfigurationName = Release;
		};
		CD62DB8C254C2BCB0075B647 /* Build configuration list for PBXNativeTarget "QuizAppTests" */ = {
			isa = XCConfigurationList;
			buildConfigurations = (
				CD62DB8D254C2BCB0075B647 /* Debug */,
				CD62DB8E254C2BCB0075B647 /* Release */,
			);
			defaultConfigurationIsVisible = 0;
			defaultConfigurationName = Release;
		};
		CD62DB8F254C2BCB0075B647 /* Build configuration list for PBXNativeTarget "QuizAppUITests" */ = {
			isa = XCConfigurationList;
			buildConfigurations = (
				CD62DB90254C2BCB0075B647 /* Debug */,
				CD62DB91254C2BCB0075B647 /* Release */,
			);
			defaultConfigurationIsVisible = 0;
			defaultConfigurationName = Release;
		};
/* End XCConfigurationList section */
	};
	rootObject = CD62DB4F254C2BC80075B647 /* Project object */;
}
